
Microsoft Visual Studio Solution File, Format Version 12.00
# Visual Studio 2012
Project("{888888A0-9F3D-457C-B088-3A5042F75D52}") = "TreeLikeVertexCover", "TreeLikeVertexCover\TreeLikeVertexCover.pyproj", "{0EB7BD77-CDAD-4C50-85E2-E2B24AB2BA12}"
EndProject
Global
	GlobalSection(SolutionConfigurationPlatforms) = preSolution
		Debug|Any CPU = Debug|Any CPU
		Release|Any CPU = Release|Any CPU
	EndGlobalSection
	GlobalSection(ProjectConfigurationPlatforms) = postSolution
		{0EB7BD77-CDAD-4C50-85E2-E2B24AB2BA12}.Debug|Any CPU.ActiveCfg = Debug|Any CPU
		{0EB7BD77-CDAD-4C50-85E2-E2B24AB2BA12}.Debug|Any CPU.Build.0 = Debug|Any CPU
		{0EB7BD77-CDAD-4C50-85E2-E2B24AB2BA12}.Release|Any CPU.ActiveCfg = Release|Any CPU
		{0EB7BD77-CDAD-4C50-85E2-E2B24AB2BA12}.Release|Any CPU.Build.0 = Release|Any CPU
	EndGlobalSection
	GlobalSection(SolutionProperties) = preSolution
		HideSolutionNode = FALSE
	EndGlobalSection
EndGlobal
